{
  "requires": true,
  "lockfileVersion": 1,
  "dependencies": {
    "bootstrap": {
      "version": "4.1.3",
      "resolved": "https://registry.npmjs.org/bootstrap/-/bootstrap-4.1.3.tgz",
      "integrity": "sha512-rDFIzgXcof0jDyjNosjv4Sno77X4KuPeFxG2XZZv1/Kc8DRVGVADdoQyyOVDwPqL36DDmtCQbrpMCqvpPLJQ0w=="
    },
    "font-awesome": {
      "version": "4.7.0",
      "resolved": "https://registry.npmjs.org/font-awesome/-/font-awesome-4.7.0.tgz",
      "integrity": "sha1-j6jPBBGhoxr9B7BtKQK7n8gVoTM="
    },
    "fullcalendar": {
      "version": "3.9.0",
      "resolved": "http://registry.npmjs.org/fullcalendar/-/fullcalendar-3.9.0.tgz",
      "integrity": "sha512-bbALDK8+SBqluv8SKPDeVNtaSr87NYblte/pRgV5NnDJWCEARpRlQ1qQ/XEakcAXbMZov6rWYIvLOrtKwQo2Bg==",
      "requires": {
        "jquery": "2 - 3",
        "moment": "^2.20.1"
      }
    },
    "fullcalendar-scheduler": {
      "version": "1.9.4",
      "resolved": "https://registry.npmjs.org/fullcalendar-scheduler/-/fullcalendar-scheduler-1.9.4.tgz",
      "integrity": "sha512-QJ5p/qRnK+vuiNRTbsxKCytiCu2adUn1dSlRSlPSivR/FOUL4J5XQA/4o/h6YCpIMWnmLTXPOuyqBTbsG3ydyg==",
      "requires": {
        "fullcalendar": "~3.9.0",
        "jquery": "2 - 3",
        "moment": "^2.20.1"
      }
    },
    "jquery": {
      "version": "3.3.1",
      "resolved": "https://registry.npmjs.org/jquery/-/jquery-3.3.1.tgz",
      "integrity": "sha512-Ubldcmxp5np52/ENotGxlLe6aGMvmF4R8S6tZjsP6Knsaxd/xp3Zrh50cG93lR6nPXyUFwzN3ZSOQI0wRJNdGg=="
    },
    "moment": {
      "version": "2.22.2",
      "resolved": "https://registry.npmjs.org/moment/-/moment-2.22.2.tgz",
      "integrity": "sha1-PCV/mDn8DpP/UxSWMiOeuQeD/2Y="
    }
  }
}
